# This file was autogenerated by Stack.
# You should not edit this file by hand.
# For more information, please see the documentation at:
#   https://docs.haskellstack.org/en/stable/lock_files

packages:
- completed:
    hackage: PArrows-0.1.1@sha256:2225036bb85db9d0e5921b690881762bc2ba84b852ecff735ecd19f1bb91814c,1295
    pantry-tree:
      size: 736
      sha256: 409e128ac03ab8d7786372e6a01734937daf46c9f491ff442bed80afcd057eb2
  original:
    hackage: PArrows-0.1.1@sha256:2225036bb85db9d0e5921b690881762bc2ba84b852ecff735ecd19f1bb91814c,1295
snapshots:
- completed:
    size: 524804
    url: https://raw.githubusercontent.com/commercialhaskell/stackage-snapshots/master/lts/14/16.yaml
    sha256: 4d1519a4372d051d47a5eae2241cf3fb54e113d7475f89707ddb6ec06add2888
  original: lts-14.16
